<Solution>
  <Project Path="Rent.AppBack/Rent.AppBack.csproj" Id="69ffbd89-1093-44ff-ab26-1d5bef2d9cfb" />
  <Project Path="Rent.AppFront/Rent.AppFront.csproj" Id="6c382786-97b3-4a95-835c-6b51d0b923ff" />
  <Project Path="Rent.AppInfra/Rent.AppInfra.csproj" Id="77e00b70-f992-478b-908b-52f84ac5aeaa" />
  <Project Path="Rent.AppServices/Rent.AppServices.csproj" Id="869d1417-c0d3-475b-849d-cdb806726f19" />
  <Project Path="Rent.AppServiceX/Rent.AppServiceX.csproj" Id="f8ab56ae-49eb-471c-92f5-7a81cdf86876" />
  <Project Path="Rent.Domain/Rent.Domain.csproj" Id="5ed926bb-8bce-4237-b3f4-3711af5f9f75" />
  <Project Path="Rent.DomainLogic/Rent.DomainLogic.csproj" Id="af8dd0ca-066f-4d13-b562-bd95c3ca75b1" />
  <Project Path="Rent.HttpServices/Rent.HttpServices.csproj" Id="dc96bb24-8d61-4c7d-a127-d3fd2608c94e" />
  <Project Path="Rent.xContracts/Rent.xContracts.csproj" Id="3071997d-a9b6-40ff-b3b6-f68f68cb7515" />
  <Project Path="Rent.xLenguage/Rent.xLenguage.csproj" Id="c16f32ac-16dd-4212-a2be-2465e226ee10" />
  <Project Path="Rent.xNotification/Rent.xNotification.csproj" Id="b435849d-08c2-4fbf-82f5-d9f31416267e" />
  <Project Path="Rent.xPayments/Rent.xPayments.csproj" Id="3433e093-7b00-49bc-a3d6-19ccf593e3c1" />
</Solution>
